
Microsoft Visual Studio Solution File, Format Version 12.00
Project("{FAE04EC0-301F-11D3-BF4B-00C04F79EFBC}") = "blazor-demo", "blazor-demo\blazor-demo.csproj", "{44868FA8-B22C-4E2C-A6CF-C3335B93726B}"
EndProject
Global
	GlobalSection(SolutionConfigurationPlatforms) = preSolution
		Debug|Any CPU = Debug|Any CPU
		Release|Any CPU = Release|Any CPU
	EndGlobalSection
	GlobalSection(ProjectConfigurationPlatforms) = postSolution
		{44868FA8-B22C-4E2C-A6CF-C3335B93726B}.Debug|Any CPU.ActiveCfg = Debug|Any CPU
		{44868FA8-B22C-4E2C-A6CF-C3335B93726B}.Debug|Any CPU.Build.0 = Debug|Any CPU
		{44868FA8-B22C-4E2C-A6CF-C3335B93726B}.Release|Any CPU.ActiveCfg = Release|Any CPU
		{44868FA8-B22C-4E2C-A6CF-C3335B93726B}.Release|Any CPU.Build.0 = Release|Any CPU
	EndGlobalSection
EndGlobal
